
Microsoft Visual Studio Solution File, Format Version 12.00
# Visual Studio Version 17
VisualStudioVersion = 17.11.35312.102
MinimumVisualStudioVersion = 10.0.40219.1
Project("{FAE04EC0-301F-11D3-BF4B-00C04F79EFBC}") = "Pharmacy Management System", "Pharmacy Management System\Pharmacy Management System.csproj", "{2EE3B00E-EF75-4C2A-B3F4-F874EADA600E}"
EndProject
Global
	GlobalSection(SolutionConfigurationPlatforms) = preSolution
		Debug|Any CPU = Debug|Any CPU
		Release|Any CPU = Release|Any CPU
	EndGlobalSection
	GlobalSection(ProjectConfigurationPlatforms) = postSolution
		{2EE3B00E-EF75-4C2A-B3F4-F874EADA600E}.Debug|Any CPU.ActiveCfg = Debug|Any CPU
		{2EE3B00E-EF75-4C2A-B3F4-F874EADA600E}.Debug|Any CPU.Build.0 = Debug|Any CPU
		{2EE3B00E-EF75-4C2A-B3F4-F874EADA600E}.Release|Any CPU.ActiveCfg = Release|Any CPU
		{2EE3B00E-EF75-4C2A-B3F4-F874EADA600E}.Release|Any CPU.Build.0 = Release|Any CPU
	EndGlobalSection
	GlobalSection(SolutionProperties) = preSolution
		HideSolutionNode = FALSE
	EndGlobalSection
	GlobalSection(ExtensibilityGlobals) = postSolution
		SolutionGuid = {99527510-B689-46C2-B6B1-63219C822BC8}
	EndGlobalSection
EndGlobal
